
Microsoft Visual Studio Solution File, Format Version 12.00
# Visual Studio 15
VisualStudioVersion = 15.0.28307.329
MinimumVisualStudioVersion = 10.0.40219.1
Project("{FAE04EC0-301F-11D3-BF4B-00C04F79EFBC}") = "Shop.Common", "Shop.Common\Shop.Common.csproj", "{B539E975-11BA-4370-B859-9D35DD0625CC}"
EndProject
Project("{2150E333-8FDC-42A3-9474-1A3956D46DE8}") = "BackEnd", "BackEnd", "{9BCD2901-A4F7-4ECE-9B14-877D02E0E2C7}"
EndProject
Project("{2150E333-8FDC-42A3-9474-1A3956D46DE8}") = "FrontEnd", "FrontEnd", "{A2D92EF2-B327-4885-8F9E-BDAD2DD96DB6}"
EndProject
Project("{FAE04EC0-301F-11D3-BF4B-00C04F79EFBC}") = "Shop.Web", "Shop.Web\Shop.Web.csproj", "{1026C4A5-46E7-4F88-B572-F29AF04FDDA6}"
EndProject
Project("{2150E333-8FDC-42A3-9474-1A3956D46DE8}") = "Forms", "Forms", "{28675DDC-8EEB-4B0C-84B4-4F83E882E5AA}"
EndProject
Project("{2150E333-8FDC-42A3-9474-1A3956D46DE8}") = "Classic", "Classic", "{71D00C71-C423-4A42-8014-8966F64560F9}"
EndProject
Project("{FAE04EC0-301F-11D3-BF4B-00C04F79EFBC}") = "Shop.UIForms.Android", "Shop.UIForms\Shop.UIForms.Android\Shop.UIForms.Android.csproj", "{15BD20B7-A3D6-482D-AEF2-1FC59AAAFB95}"
EndProject
Project("{FAE04EC0-301F-11D3-BF4B-00C04F79EFBC}") = "Shop.UIForms.iOS", "Shop.UIForms\Shop.UIForms.iOS\Shop.UIForms.iOS.csproj", "{2D3417A2-EC36-4071-9A9A-0801ED49FF50}"
EndProject
Project("{D954291E-2A0B-460D-934E-DC6B0785DB48}") = "Shop.UIForms", "Shop.UIForms\Shop.UIForms\Shop.UIForms.shproj", "{53FF8255-5CC1-4258-83D6-4C43D46A85AE}"
EndProject
Project("{FAE04EC0-301F-11D3-BF4B-00C04F79EFBC}") = "Shop.UIClassic", "Shop.UIClassic\Shop.UIClassic.csproj", "{714BB650-AD9B-4CDA-8364-F6CB32BC771D}"
EndProject
Project("{FAE04EC0-301F-11D3-BF4B-00C04F79EFBC}") = "Shop.UIClassic.Android", "Shop.UIClassic.Android\Shop.UIClassic.Android.csproj", "{9028B869-A60E-4CAC-B1E4-69BA3B239401}"
EndProject
Project("{FAE04EC0-301F-11D3-BF4B-00C04F79EFBC}") = "Shop.UIClassic.iOS", "Shop.UIClassic.iOS\Shop.UIClassic.iOS.csproj", "{80A96B52-6758-4BDB-B0B4-CEA4CA155C60}"
EndProject
Global
	GlobalSection(SharedMSBuildProjectFiles) = preSolution
		Shop.UIForms\Shop.UIForms\Shop.UIForms.projitems*{15bd20b7-a3d6-482d-aef2-1fc59aaafb95}*SharedItemsImports = 4
		Shop.UIForms\Shop.UIForms\Shop.UIForms.projitems*{2d3417a2-ec36-4071-9a9a-0801ed49ff50}*SharedItemsImports = 4
		Shop.UIForms\Shop.UIForms\Shop.UIForms.projitems*{53ff8255-5cc1-4258-83d6-4c43d46a85ae}*SharedItemsImports = 13
	EndGlobalSection
	GlobalSection(SolutionConfigurationPlatforms) = preSolution
		Ad-Hoc|Any CPU = Ad-Hoc|Any CPU
		Ad-Hoc|iPhone = Ad-Hoc|iPhone
		Ad-Hoc|iPhoneSimulator = Ad-Hoc|iPhoneSimulator
		AppStore|Any CPU = AppStore|Any CPU
		AppStore|iPhone = AppStore|iPhone
		AppStore|iPhoneSimulator = AppStore|iPhoneSimulator
		Debug|Any CPU = Debug|Any CPU
		Debug|iPhone = Debug|iPhone
		Debug|iPhoneSimulator = Debug|iPhoneSimulator
		Release|Any CPU = Release|Any CPU
		Release|iPhone = Release|iPhone
		Release|iPhoneSimulator = Release|iPhoneSimulator
	EndGlobalSection
	GlobalSection(ProjectConfigurationPlatforms) = postSolution
		{B539E975-11BA-4370-B859-9D35DD0625CC}.Ad-Hoc|Any CPU.ActiveCfg = Debug|Any CPU
		{B539E975-11BA-4370-B859-9D35DD0625CC}.Ad-Hoc|Any CPU.Build.0 = Debug|Any CPU
		{B539E975-11BA-4370-B859-9D35DD0625CC}.Ad-Hoc|iPhone.ActiveCfg = Debug|Any CPU
		{B539E975-11BA-4370-B859-9D35DD0625CC}.Ad-Hoc|iPhone.Build.0 = Debug|Any CPU
		{B539E975-11BA-4370-B859-9D35DD0625CC}.Ad-Hoc|iPhoneSimulator.ActiveCfg = Debug|Any CPU
		{B539E975-11BA-4370-B859-9D35DD0625CC}.Ad-Hoc|iPhoneSimulator.Build.0 = Debug|Any CPU
		{B539E975-11BA-4370-B859-9D35DD0625CC}.AppStore|Any CPU.ActiveCfg = Debug|Any CPU
		{B539E975-11BA-4370-B859-9D35DD0625CC}.AppStore|Any CPU.Build.0 = Debug|Any CPU
		{B539E975-11BA-4370-B859-9D35DD0625CC}.AppStore|iPhone.ActiveCfg = Debug|Any CPU
		{B539E975-11BA-4370-B859-9D35DD0625CC}.AppStore|iPhone.Build.0 = Debug|Any CPU
		{B539E975-11BA-4370-B859-9D35DD0625CC}.AppStore|iPhoneSimulator.ActiveCfg = Debug|Any CPU
		{B539E975-11BA-4370-B859-9D35DD0625CC}.AppStore|iPhoneSimulator.Build.0 = Debug|Any CPU
		{B539E975-11BA-4370-B859-9D35DD0625CC}.Debug|Any CPU.ActiveCfg = Debug|Any CPU
		{B539E975-11BA-4370-B859-9D35DD0625CC}.Debug|Any CPU.Build.0 = Debug|Any CPU
		{B539E975-11BA-4370-B859-9D35DD0625CC}.Debug|iPhone.ActiveCfg = Debug|Any CPU
		{B539E975-11BA-4370-B859-9D35DD0625CC}.Debug|iPhone.Build.0 = Debug|Any CPU
		{B539E975-11BA-4370-B859-9D35DD0625CC}.Debug|iPhoneSimulator.ActiveCfg = Debug|Any CPU
		{B539E975-11BA-4370-B859-9D35DD0625CC}.Debug|iPhoneSimulator.Build.0 = Debug|Any CPU
		{B539E975-11BA-4370-B859-9D35DD0625CC}.Release|Any CPU.ActiveCfg = Release|Any CPU
		{B539E975-11BA-4370-B859-9D35DD0625CC}.Release|Any CPU.Build.0 = Release|Any CPU
		{B539E975-11BA-4370-B859-9D35DD0625CC}.Release|iPhone.ActiveCfg = Release|Any CPU
		{B539E975-11BA-4370-B859-9D35DD0625CC}.Release|iPhone.Build.0 = Release|Any CPU
		{B539E975-11BA-4370-B859-9D35DD0625CC}.Release|iPhoneSimulator.ActiveCfg = Release|Any CPU
		{B539E975-11BA-4370-B859-9D35DD0625CC}.Release|iPhoneSimulator.Build.0 = Release|Any CPU
		{1026C4A5-46E7-4F88-B572-F29AF04FDDA6}.Ad-Hoc|Any CPU.ActiveCfg = Debug|Any CPU
		{1026C4A5-46E7-4F88-B572-F29AF04FDDA6}.Ad-Hoc|Any CPU.Build.0 = Debug|Any CPU
		{1026C4A5-46E7-4F88-B572-F29AF04FDDA6}.Ad-Hoc|iPhone.ActiveCfg = Debug|Any CPU
		{1026C4A5-46E7-4F88-B572-F29AF04FDDA6}.Ad-Hoc|iPhone.Build.0 = Debug|Any CPU
		{1026C4A5-46E7-4F88-B572-F29AF04FDDA6}.Ad-Hoc|iPhoneSimulator.ActiveCfg = Debug|Any CPU
		{1026C4A5-46E7-4F88-B572-F29AF04FDDA6}.Ad-Hoc|iPhoneSimulator.Build.0 = Debug|Any CPU
		{1026C4A5-46E7-4F88-B572-F29AF04FDDA6}.AppStore|Any CPU.ActiveCfg = Debug|Any CPU
		{1026C4A5-46E7-4F88-B572-F29AF04FDDA6}.AppStore|Any CPU.Build.0 = Debug|Any CPU
		{1026C4A5-46E7-4F88-B572-F29AF04FDDA6}.AppStore|iPhone.ActiveCfg = Debug|Any CPU
		{1026C4A5-46E7-4F88-B572-F29AF04FDDA6}.AppStore|iPhone.Build.0 = Debug|Any CPU
		{1026C4A5-46E7-4F88-B572-F29AF04FDDA6}.AppStore|iPhoneSimulator.ActiveCfg = Debug|Any CPU
		{1026C4A5-46E7-4F88-B572-F29AF04FDDA6}.AppStore|iPhoneSimulator.Build.0 = Debug|Any CPU
		{1026C4A5-46E7-4F88-B572-F29AF04FDDA6}.Debug|Any CPU.ActiveCfg = Debug|Any CPU
		{1026C4A5-46E7-4F88-B572-F29AF04FDDA6}.Debug|Any CPU.Build.0 = Debug|Any CPU
		{1026C4A5-46E7-4F88-B572-F29AF04FDDA6}.Debug|iPhone.ActiveCfg = Debug|Any CPU
		{1026C4A5-46E7-4F88-B572-F29AF04FDDA6}.Debug|iPhone.Build.0 = Debug|Any CPU
		{1026C4A5-46E7-4F88-B572-F29AF04FDDA6}.Debug|iPhoneSimulator.ActiveCfg = Debug|Any CPU
		{1026C4A5-46E7-4F88-B572-F29AF04FDDA6}.Debug|iPhoneSimulator.Build.0 = Debug|Any CPU
		{1026C4A5-46E7-4F88-B572-F29AF04FDDA6}.Release|Any CPU.ActiveCfg = Release|Any CPU
		{1026C4A5-46E7-4F88-B572-F29AF04FDDA6}.Release|Any CPU.Build.0 = Release|Any CPU
		{1026C4A5-46E7-4F88-B572-F29AF04FDDA6}.Release|iPhone.ActiveCfg = Release|Any CPU
		{1026C4A5-46E7-4F88-B572-F29AF04FDDA6}.Release|iPhone.Build.0 = Release|Any CPU
		{1026C4A5-46E7-4F88-B572-F29AF04FDDA6}.Release|iPhoneSimulator.ActiveCfg = Release|Any CPU
		{1026C4A5-46E7-4F88-B572-F29AF04FDDA6}.Release|iPhoneSimulator.Build.0 = Release|Any CPU
		{15BD20B7-A3D6-482D-AEF2-1FC59AAAFB95}.Ad-Hoc|Any CPU.ActiveCfg = Release|Any CPU
		{15BD20B7-A3D6-482D-AEF2-1FC59AAAFB95}.Ad-Hoc|Any CPU.Build.0 = Release|Any CPU
		{15BD20B7-A3D6-482D-AEF2-1FC59AAAFB95}.Ad-Hoc|Any CPU.Deploy.0 = Release|Any CPU
		{15BD20B7-A3D6-482D-AEF2-1FC59AAAFB95}.Ad-Hoc|iPhone.ActiveCfg = Release|Any CPU
		{15BD20B7-A3D6-482D-AEF2-1FC59AAAFB95}.Ad-Hoc|iPhone.Build.0 = Release|Any CPU
		{15BD20B7-A3D6-482D-AEF2-1FC59AAAFB95}.Ad-Hoc|iPhone.Deploy.0 = Release|Any CPU
		{15BD20B7-A3D6-482D-AEF2-1FC59AAAFB95}.Ad-Hoc|iPhoneSimulator.ActiveCfg = Release|Any CPU
		{15BD20B7-A3D6-482D-AEF2-1FC59AAAFB95}.Ad-Hoc|iPhoneSimulator.Build.0 = Release|Any CPU
		{15BD20B7-A3D6-482D-AEF2-1FC59AAAFB95}.Ad-Hoc|iPhoneSimulator.Deploy.0 = Release|Any CPU
		{15BD20B7-A3D6-482D-AEF2-1FC59AAAFB95}.AppStore|Any CPU.ActiveCfg = Release|Any CPU
		{15BD20B7-A3D6-482D-AEF2-1FC59AAAFB95}.AppStore|Any CPU.Build.0 = Release|Any CPU
		{15BD20B7-A3D6-482D-AEF2-1FC59AAAFB95}.AppStore|Any CPU.Deploy.0 = Release|Any CPU
		{15BD20B7-A3D6-482D-AEF2-1FC59AAAFB95}.AppStore|iPhone.ActiveCfg = Release|Any CPU
		{15BD20B7-A3D6-482D-AEF2-1FC59AAAFB95}.AppStore|iPhone.Build.0 = Release|Any CPU
		{15BD20B7-A3D6-482D-AEF2-1FC59AAAFB95}.AppStore|iPhone.Deploy.0 = Release|Any CPU
		{15BD20B7-A3D6-482D-AEF2-1FC59AAAFB95}.AppStore|iPhoneSimulator.ActiveCfg = Release|Any CPU
		{15BD20B7-A3D6-482D-AEF2-1FC59AAAFB95}.AppStore|iPhoneSimulator.Build.0 = Release|Any CPU
		{15BD20B7-A3D6-482D-AEF2-1FC59AAAFB95}.AppStore|iPhoneSimulator.Deploy.0 = Release|Any CPU
		{15BD20B7-A3D6-482D-AEF2-1FC59AAAFB95}.Debug|Any CPU.ActiveCfg = Debug|Any CPU
		{15BD20B7-A3D6-482D-AEF2-1FC59AAAFB95}.Debug|Any CPU.Build.0 = Debug|Any CPU
		{15BD20B7-A3D6-482D-AEF2-1FC59AAAFB95}.Debug|Any CPU.Deploy.0 = Debug|Any CPU
		{15BD20B7-A3D6-482D-AEF2-1FC59AAAFB95}.Debug|iPhone.ActiveCfg = Debug|Any CPU
		{15BD20B7-A3D6-482D-AEF2-1FC59AAAFB95}.Debug|iPhone.Build.0 = Debug|Any CPU
		{15BD20B7-A3D6-482D-AEF2-1FC59AAAFB95}.Debug|iPhone.Deploy.0 = Debug|Any CPU
		{15BD20B7-A3D6-482D-AEF2-1FC59AAAFB95}.Debug|iPhoneSimulator.ActiveCfg = Debug|Any CPU
		{15BD20B7-A3D6-482D-AEF2-1FC59AAAFB95}.Debug|iPhoneSimulator.Build.0 = Debug|Any CPU
		{15BD20B7-A3D6-482D-AEF2-1FC59AAAFB95}.Debug|iPhoneSimulator.Deploy.0 = Debug|Any CPU
		{15BD20B7-A3D6-482D-AEF2-1FC59AAAFB95}.Release|Any CPU.ActiveCfg = Release|Any CPU
		{15BD20B7-A3D6-482D-AEF2-1FC59AAAFB95}.Release|Any CPU.Build.0 = Release|Any CPU
		{15BD20B7-A3D6-482D-AEF2-1FC59AAAFB95}.Release|Any CPU.Deploy.0 = Release|Any CPU
		{15BD20B7-A3D6-482D-AEF2-1FC59AAAFB95}.Release|iPhone.ActiveCfg = Release|Any CPU
		{15BD20B7-A3D6-482D-AEF2-1FC59AAAFB95}.Release|iPhone.Build.0 = Release|Any CPU
		{15BD20B7-A3D6-482D-AEF2-1FC59AAAFB95}.Release|iPhone.Deploy.0 = Release|Any CPU
		{15BD20B7-A3D6-482D-AEF2-1FC59AAAFB95}.Release|iPhoneSimulator.ActiveCfg = Release|Any CPU
		{15BD20B7-A3D6-482D-AEF2-1FC59AAAFB95}.Release|iPhoneSimulator.Build.0 = Release|Any CPU
		{15BD20B7-A3D6-482D-AEF2-1FC59AAAFB95}.Release|iPhoneSimulator.Deploy.0 = Release|Any CPU
		{2D3417A2-EC36-4071-9A9A-0801ED49FF50}.Ad-Hoc|Any CPU.ActiveCfg = Ad-Hoc|iPhone
		{2D3417A2-EC36-4071-9A9A-0801ED49FF50}.Ad-Hoc|iPhone.ActiveCfg = Ad-Hoc|iPhone
		{2D3417A2-EC36-4071-9A9A-0801ED49FF50}.Ad-Hoc|iPhone.Build.0 = Ad-Hoc|iPhone
		{2D3417A2-EC36-4071-9A9A-0801ED49FF50}.Ad-Hoc|iPhoneSimulator.ActiveCfg = Ad-Hoc|iPhoneSimulator
		{2D3417A2-EC36-4071-9A9A-0801ED49FF50}.Ad-Hoc|iPhoneSimulator.Build.0 = Ad-Hoc|iPhoneSimulator
		{2D3417A2-EC36-4071-9A9A-0801ED49FF50}.AppStore|Any CPU.ActiveCfg = AppStore|iPhone
		{2D3417A2-EC36-4071-9A9A-0801ED49FF50}.AppStore|iPhone.ActiveCfg = AppStore|iPhone
		{2D3417A2-EC36-4071-9A9A-0801ED49FF50}.AppStore|iPhone.Build.0 = AppStore|iPhone
		{2D3417A2-EC36-4071-9A9A-0801ED49FF50}.AppStore|iPhoneSimulator.ActiveCfg = AppStore|iPhoneSimulator
		{2D3417A2-EC36-4071-9A9A-0801ED49FF50}.AppStore|iPhoneSimulator.Build.0 = AppStore|iPhoneSimulator
		{2D3417A2-EC36-4071-9A9A-0801ED49FF50}.Debug|Any CPU.ActiveCfg = Debug|iPhone
		{2D3417A2-EC36-4071-9A9A-0801ED49FF50}.Debug|iPhone.ActiveCfg = Debug|iPhone
		{2D3417A2-EC36-4071-9A9A-0801ED49FF50}.Debug|iPhone.Build.0 = Debug|iPhone
		{2D3417A2-EC36-4071-9A9A-0801ED49FF50}.Debug|iPhoneSimulator.ActiveCfg = Debug|iPhoneSimulator
		{2D3417A2-EC36-4071-9A9A-0801ED49FF50}.Debug|iPhoneSimulator.Build.0 = Debug|iPhoneSimulator
		{2D3417A2-EC36-4071-9A9A-0801ED49FF50}.Release|Any CPU.ActiveCfg = Release|iPhone
		{2D3417A2-EC36-4071-9A9A-0801ED49FF50}.Release|iPhone.ActiveCfg = Release|iPhone
		{2D3417A2-EC36-4071-9A9A-0801ED49FF50}.Release|iPhone.Build.0 = Release|iPhone
		{2D3417A2-EC36-4071-9A9A-0801ED49FF50}.Release|iPhoneSimulator.ActiveCfg = Release|iPhoneSimulator
		{2D3417A2-EC36-4071-9A9A-0801ED49FF50}.Release|iPhoneSimulator.Build.0 = Release|iPhoneSimulator
		{714BB650-AD9B-4CDA-8364-F6CB32BC771D}.Ad-Hoc|Any CPU.ActiveCfg = Debug|Any CPU
		{714BB650-AD9B-4CDA-8364-F6CB32BC771D}.Ad-Hoc|Any CPU.Build.0 = Debug|Any CPU
		{714BB650-AD9B-4CDA-8364-F6CB32BC771D}.Ad-Hoc|iPhone.ActiveCfg = Debug|Any CPU
		{714BB650-AD9B-4CDA-8364-F6CB32BC771D}.Ad-Hoc|iPhone.Build.0 = Debug|Any CPU
		{714BB650-AD9B-4CDA-8364-F6CB32BC771D}.Ad-Hoc|iPhoneSimulator.ActiveCfg = Debug|Any CPU
		{714BB650-AD9B-4CDA-8364-F6CB32BC771D}.Ad-Hoc|iPhoneSimulator.Build.0 = Debug|Any CPU
		{714BB650-AD9B-4CDA-8364-F6CB32BC771D}.AppStore|Any CPU.ActiveCfg = Debug|Any CPU
		{714BB650-AD9B-4CDA-8364-F6CB32BC771D}.AppStore|Any CPU.Build.0 = Debug|Any CPU
		{714BB650-AD9B-4CDA-8364-F6CB32BC771D}.AppStore|iPhone.ActiveCfg = Debug|Any CPU
		{714BB650-AD9B-4CDA-8364-F6CB32BC771D}.AppStore|iPhone.Build.0 = Debug|Any CPU
		{714BB650-AD9B-4CDA-8364-F6CB32BC771D}.AppStore|iPhoneSimulator.ActiveCfg = Debug|Any CPU
		{714BB650-AD9B-4CDA-8364-F6CB32BC771D}.AppStore|iPhoneSimulator.Build.0 = Debug|Any CPU
		{714BB650-AD9B-4CDA-8364-F6CB32BC771D}.Debug|Any CPU.ActiveCfg = Debug|Any CPU
		{714BB650-AD9B-4CDA-8364-F6CB32BC771D}.Debug|Any CPU.Build.0 = Debug|Any CPU
		{714BB650-AD9B-4CDA-8364-F6CB32BC771D}.Debug|iPhone.ActiveCfg = Debug|Any CPU
		{714BB650-AD9B-4CDA-8364-F6CB32BC771D}.Debug|iPhone.Build.0 = Debug|Any CPU
		{714BB650-AD9B-4CDA-8364-F6CB32BC771D}.Debug|iPhoneSimulator.ActiveCfg = Debug|Any CPU
		{714BB650-AD9B-4CDA-8364-F6CB32BC771D}.Debug|iPhoneSimulator.Build.0 = Debug|Any CPU
		{714BB650-AD9B-4CDA-8364-F6CB32BC771D}.Release|Any CPU.ActiveCfg = Release|Any CPU
		{714BB650-AD9B-4CDA-8364-F6CB32BC771D}.Release|Any CPU.Build.0 = Release|Any CPU
		{714BB650-AD9B-4CDA-8364-F6CB32BC771D}.Release|iPhone.ActiveCfg = Release|Any CPU
		{714BB650-AD9B-4CDA-8364-F6CB32BC771D}.Release|iPhone.Build.0 = Release|Any CPU
		{714BB650-AD9B-4CDA-8364-F6CB32BC771D}.Release|iPhoneSimulator.ActiveCfg = Release|Any CPU
		{714BB650-AD9B-4CDA-8364-F6CB32BC771D}.Release|iPhoneSimulator.Build.0 = Release|Any CPU
		{9028B869-A60E-4CAC-B1E4-69BA3B239401}.Ad-Hoc|Any CPU.ActiveCfg = Release|Any CPU
		{9028B869-A60E-4CAC-B1E4-69BA3B239401}.Ad-Hoc|Any CPU.Build.0 = Release|Any CPU
		{9028B869-A60E-4CAC-B1E4-69BA3B239401}.Ad-Hoc|Any CPU.Deploy.0 = Release|Any CPU
		{9028B869-A60E-4CAC-B1E4-69BA3B239401}.Ad-Hoc|iPhone.ActiveCfg = Release|Any CPU
		{9028B869-A60E-4CAC-B1E4-69BA3B239401}.Ad-Hoc|iPhone.Build.0 = Release|Any CPU
		{9028B869-A60E-4CAC-B1E4-69BA3B239401}.Ad-Hoc|iPhone.Deploy.0 = Release|Any CPU
		{9028B869-A60E-4CAC-B1E4-69BA3B239401}.Ad-Hoc|iPhoneSimulator.ActiveCfg = Release|Any CPU
		{9028B869-A60E-4CAC-B1E4-69BA3B239401}.Ad-Hoc|iPhoneSimulator.Build.0 = Release|Any CPU
		{9028B869-A60E-4CAC-B1E4-69BA3B239401}.Ad-Hoc|iPhoneSimulator.Deploy.0 = Release|Any CPU
		{9028B869-A60E-4CAC-B1E4-69BA3B239401}.AppStore|Any CPU.ActiveCfg = Release|Any CPU
		{9028B869-A60E-4CAC-B1E4-69BA3B239401}.AppStore|Any CPU.Build.0 = Release|Any CPU
		{9028B869-A60E-4CAC-B1E4-69BA3B239401}.AppStore|Any CPU.Deploy.0 = Release|Any CPU
		{9028B869-A60E-4CAC-B1E4-69BA3B239401}.AppStore|iPhone.ActiveCfg = Release|Any CPU
		{9028B869-A60E-4CAC-B1E4-69BA3B239401}.AppStore|iPhone.Build.0 = Release|Any CPU
		{9028B869-A60E-4CAC-B1E4-69BA3B239401}.AppStore|iPhone.Deploy.0 = Release|Any CPU
		{9028B869-A60E-4CAC-B1E4-69BA3B239401}.AppStore|iPhoneSimulator.ActiveCfg = Release|Any CPU
		{9028B869-A60E-4CAC-B1E4-69BA3B239401}.AppStore|iPhoneSimulator.Build.0 = Release|Any CPU
		{9028B869-A60E-4CAC-B1E4-69BA3B239401}.AppStore|iPhoneSimulator.Deploy.0 = Release|Any CPU
		{9028B869-A60E-4CAC-B1E4-69BA3B239401}.Debug|Any CPU.ActiveCfg = Debug|Any CPU
		{9028B869-A60E-4CAC-B1E4-69BA3B239401}.Debug|Any CPU.Build.0 = Debug|Any CPU
		{9028B869-A60E-4CAC-B1E4-69BA3B239401}.Debug|Any CPU.Deploy.0 = Debug|Any CPU
		{9028B869-A60E-4CAC-B1E4-69BA3B239401}.Debug|iPhone.ActiveCfg = Debug|Any CPU
		{9028B869-A60E-4CAC-B1E4-69BA3B239401}.Debug|iPhone.Build.0 = Debug|Any CPU
		{9028B869-A60E-4CAC-B1E4-69BA3B239401}.Debug|iPhone.Deploy.0 = Debug|Any CPU
		{9028B869-A60E-4CAC-B1E4-69BA3B239401}.Debug|iPhoneSimulator.ActiveCfg = Debug|Any CPU
		{9028B869-A60E-4CAC-B1E4-69BA3B239401}.Debug|iPhoneSimulator.Build.0 = Debug|Any CPU
		{9028B869-A60E-4CAC-B1E4-69BA3B239401}.Debug|iPhoneSimulator.Deploy.0 = Debug|Any CPU
		{9028B869-A60E-4CAC-B1E4-69BA3B239401}.Release|Any CPU.ActiveCfg = Release|Any CPU
		{9028B869-A60E-4CAC-B1E4-69BA3B239401}.Release|Any CPU.Build.0 = Release|Any CPU
		{9028B869-A60E-4CAC-B1E4-69BA3B239401}.Release|Any CPU.Deploy.0 = Release|Any CPU
		{9028B869-A60E-4CAC-B1E4-69BA3B239401}.Release|iPhone.ActiveCfg = Release|Any CPU
		{9028B869-A60E-4CAC-B1E4-69BA3B239401}.Release|iPhone.Build.0 = Release|Any CPU
		{9028B869-A60E-4CAC-B1E4-69BA3B239401}.Release|iPhone.Deploy.0 = Release|Any CPU
		{9028B869-A60E-4CAC-B1E4-69BA3B239401}.Release|iPhoneSimulator.ActiveCfg = Release|Any CPU
		{9028B869-A60E-4CAC-B1E4-69BA3B239401}.Release|iPhoneSimulator.Build.0 = Release|Any CPU
		{9028B869-A60E-4CAC-B1E4-69BA3B239401}.Release|iPhoneSimulator.Deploy.0 = Release|Any CPU
		{80A96B52-6758-4BDB-B0B4-CEA4CA155C60}.Ad-Hoc|Any CPU.ActiveCfg = Release|iPhone
		{80A96B52-6758-4BDB-B0B4-CEA4CA155C60}.Ad-Hoc|Any CPU.Build.0 = Release|iPhone
		{80A96B52-6758-4BDB-B0B4-CEA4CA155C60}.Ad-Hoc|iPhone.ActiveCfg = Release|iPhone
		{80A96B52-6758-4BDB-B0B4-CEA4CA155C60}.Ad-Hoc|iPhone.Build.0 = Release|iPhone
		{80A96B52-6758-4BDB-B0B4-CEA4CA155C60}.Ad-Hoc|iPhoneSimulator.ActiveCfg = Release|iPhoneSimulator
		{80A96B52-6758-4BDB-B0B4-CEA4CA155C60}.Ad-Hoc|iPhoneSimulator.Build.0 = Release|iPhoneSimulator
		{80A96B52-6758-4BDB-B0B4-CEA4CA155C60}.AppStore|Any CPU.ActiveCfg = Release|iPhone
		{80A96B52-6758-4BDB-B0B4-CEA4CA155C60}.AppStore|Any CPU.Build.0 = Release|iPhone
		{80A96B52-6758-4BDB-B0B4-CEA4CA155C60}.AppStore|iPhone.ActiveCfg = Release|iPhone
		{80A96B52-6758-4BDB-B0B4-CEA4CA155C60}.AppStore|iPhone.Build.0 = Release|iPhone
		{80A96B52-6758-4BDB-B0B4-CEA4CA155C60}.AppStore|iPhoneSimulator.ActiveCfg = Release|iPhoneSimulator
		{80A96B52-6758-4BDB-B0B4-CEA4CA155C60}.AppStore|iPhoneSimulator.Build.0 = Release|iPhoneSimulator
		{80A96B52-6758-4BDB-B0B4-CEA4CA155C60}.Debug|Any CPU.ActiveCfg = Debug|iPhone
		{80A96B52-6758-4BDB-B0B4-CEA4CA155C60}.Debug|iPhone.ActiveCfg = Debug|iPhone
		{80A96B52-6758-4BDB-B0B4-CEA4CA155C60}.Debug|iPhone.Build.0 = Debug|iPhone
		{80A96B52-6758-4BDB-B0B4-CEA4CA155C60}.Debug|iPhoneSimulator.ActiveCfg = Debug|iPhoneSimulator
		{80A96B52-6758-4BDB-B0B4-CEA4CA155C60}.Debug|iPhoneSimulator.Build.0 = Debug|iPhoneSimulator
		{80A96B52-6758-4BDB-B0B4-CEA4CA155C60}.Release|Any CPU.ActiveCfg = Release|iPhone
		{80A96B52-6758-4BDB-B0B4-CEA4CA155C60}.Release|iPhone.ActiveCfg = Release|iPhone
		{80A96B52-6758-4BDB-B0B4-CEA4CA155C60}.Release|iPhone.Build.0 = Release|iPhone
		{80A96B52-6758-4BDB-B0B4-CEA4CA155C60}.Release|iPhoneSimulator.ActiveCfg = Release|iPhoneSimulator
		{80A96B52-6758-4BDB-B0B4-CEA4CA155C60}.Release|iPhoneSimulator.Build.0 = Release|iPhoneSimulator
	EndGlobalSection
	GlobalSection(SolutionProperties) = preSolution
		HideSolutionNode = FALSE
	EndGlobalSection
	GlobalSection(NestedProjects) = preSolution
		{1026C4A5-46E7-4F88-B572-F29AF04FDDA6} = {9BCD2901-A4F7-4ECE-9B14-877D02E0E2C7}
		{28675DDC-8EEB-4B0C-84B4-4F83E882E5AA} = {A2D92EF2-B327-4885-8F9E-BDAD2DD96DB6}
		{71D00C71-C423-4A42-8014-8966F64560F9} = {A2D92EF2-B327-4885-8F9E-BDAD2DD96DB6}
		{15BD20B7-A3D6-482D-AEF2-1FC59AAAFB95} = {28675DDC-8EEB-4B0C-84B4-4F83E882E5AA}
		{2D3417A2-EC36-4071-9A9A-0801ED49FF50} = {28675DDC-8EEB-4B0C-84B4-4F83E882E5AA}
		{53FF8255-5CC1-4258-83D6-4C43D46A85AE} = {28675DDC-8EEB-4B0C-84B4-4F83E882E5AA}
		{714BB650-AD9B-4CDA-8364-F6CB32BC771D} = {71D00C71-C423-4A42-8014-8966F64560F9}
		{9028B869-A60E-4CAC-B1E4-69BA3B239401} = {71D00C71-C423-4A42-8014-8966F64560F9}
		{80A96B52-6758-4BDB-B0B4-CEA4CA155C60} = {71D00C71-C423-4A42-8014-8966F64560F9}
	EndGlobalSection
	GlobalSection(ExtensibilityGlobals) = postSolution
		SolutionGuid = {2860FA9F-642A-43E9-BAB5-1AC84D89D1BD}
	EndGlobalSection
EndGlobal
